
Microsoft Visual Studio Solution File, Format Version 12.00
# Visual Studio 15
VisualStudioVersion = 15.0.26124.0
MinimumVisualStudioVersion = 15.0.26124.0
Project("{fae04ec0-301f-11d3-bf4b-00c04f79efbc}") = "DnsRest", "DnsRest\DnsRest.csproj", "{46C4BF43-4568-4D37-ABE6-2D8D501314C6}"
EndProject
Global
	GlobalSection(SolutionConfigurationPlatforms) = preSolution
		Debug|Any CPU = Debug|Any CPU
		Debug|x64 = Debug|x64
		Debug|x86 = Debug|x86
		Release|Any CPU = Release|Any CPU
		Release|x64 = Release|x64
		Release|x86 = Release|x86
	EndGlobalSection
	GlobalSection(SolutionProperties) = preSolution
		HideSolutionNode = FALSE
	EndGlobalSection
	GlobalSection(ProjectConfigurationPlatforms) = postSolution
		{46C4BF43-4568-4D37-ABE6-2D8D501314C6}.Debug|Any CPU.ActiveCfg = Debug|Any CPU
		{46C4BF43-4568-4D37-ABE6-2D8D501314C6}.Debug|Any CPU.Build.0 = Debug|Any CPU
		{46C4BF43-4568-4D37-ABE6-2D8D501314C6}.Debug|x64.ActiveCfg = Debug|Any CPU
		{46C4BF43-4568-4D37-ABE6-2D8D501314C6}.Debug|x64.Build.0 = Debug|Any CPU
		{46C4BF43-4568-4D37-ABE6-2D8D501314C6}.Debug|x86.ActiveCfg = Debug|Any CPU
		{46C4BF43-4568-4D37-ABE6-2D8D501314C6}.Debug|x86.Build.0 = Debug|Any CPU
		{46C4BF43-4568-4D37-ABE6-2D8D501314C6}.Release|Any CPU.ActiveCfg = Debug|Any CPU
		{46C4BF43-4568-4D37-ABE6-2D8D501314C6}.Release|Any CPU.Build.0 = Debug|Any CPU
		{46C4BF43-4568-4D37-ABE6-2D8D501314C6}.Release|x64.ActiveCfg = Debug|Any CPU
		{46C4BF43-4568-4D37-ABE6-2D8D501314C6}.Release|x64.Build.0 = Debug|Any CPU
		{46C4BF43-4568-4D37-ABE6-2D8D501314C6}.Release|x86.ActiveCfg = Debug|Any CPU
		{46C4BF43-4568-4D37-ABE6-2D8D501314C6}.Release|x86.Build.0 = Debug|Any CPU
	EndGlobalSection
EndGlobal
